
Microsoft Visual Studio Solution File, Format Version 11.00
# Visual Studio 2010
# SharpDevelop 4.4
Project("{FAE04EC0-301F-11D3-BF4B-00C04F79EFBC}") = "tasksharpdev", "tasksharpdev.csproj", "{D7C2A565-E4A9-424D-9EDA-DDB1A7E6B94E}"
EndProject
Global
	GlobalSection(SolutionConfigurationPlatforms) = preSolution
		Debug|Any CPU = Debug|Any CPU
		Release|Any CPU = Release|Any CPU
	EndGlobalSection
	GlobalSection(ProjectConfigurationPlatforms) = postSolution
		{D7C2A565-E4A9-424D-9EDA-DDB1A7E6B94E}.Debug|Any CPU.Build.0 = Debug|Any CPU
		{D7C2A565-E4A9-424D-9EDA-DDB1A7E6B94E}.Debug|Any CPU.ActiveCfg = Debug|Any CPU
		{D7C2A565-E4A9-424D-9EDA-DDB1A7E6B94E}.Release|Any CPU.Build.0 = Release|Any CPU
		{D7C2A565-E4A9-424D-9EDA-DDB1A7E6B94E}.Release|Any CPU.ActiveCfg = Release|Any CPU
	EndGlobalSection
EndGlobal
